
Microsoft Visual Studio Solution File, Format Version 12.00
# Visual Studio 15
VisualStudioVersion = 15.0.27703.2042
MinimumVisualStudioVersion = 10.0.40219.1
Project("{FAE04EC0-301F-11D3-BF4B-00C04F79EFBC}") = "SMS_EMAIL_PLC", "SMS_EMAIL_PLC\SMS_EMAIL_PLC.csproj", "{DB2DE3D8-5974-49F7-B000-E3597DE0CAAC}"
EndProject
Global
	GlobalSection(SolutionConfigurationPlatforms) = preSolution
		Debug|Any CPU = Debug|Any CPU
		Release|Any CPU = Release|Any CPU
	EndGlobalSection
	GlobalSection(ProjectConfigurationPlatforms) = postSolution
		{DB2DE3D8-5974-49F7-B000-E3597DE0CAAC}.Debug|Any CPU.ActiveCfg = Debug|Any CPU
		{DB2DE3D8-5974-49F7-B000-E3597DE0CAAC}.Debug|Any CPU.Build.0 = Debug|Any CPU
		{DB2DE3D8-5974-49F7-B000-E3597DE0CAAC}.Release|Any CPU.ActiveCfg = Release|Any CPU
		{DB2DE3D8-5974-49F7-B000-E3597DE0CAAC}.Release|Any CPU.Build.0 = Release|Any CPU
	EndGlobalSection
	GlobalSection(SolutionProperties) = preSolution
		HideSolutionNode = FALSE
	EndGlobalSection
	GlobalSection(ExtensibilityGlobals) = postSolution
		SolutionGuid = {8CC5672F-CB93-425A-B054-EBC15944B3C6}
	EndGlobalSection
EndGlobal
